
Microsoft Visual Studio Solution File, Format Version 12.00
# Visual Studio Version 17
VisualStudioVersion = 17.11.35303.130
MinimumVisualStudioVersion = 10.0.40219.1
Project("{2150E333-8FDC-42A3-9474-1A3956D46DE8}") = "LibraryExample", "LibraryExample", "{812DB56F-352A-4912-A798-4E3F4F8FF522}"
EndProject
Project("{FAE04EC0-301F-11D3-BF4B-00C04F79EFBC}") = "ConsoleApp1", "ConsoleApp1\ConsoleApp1.csproj", "{F58568F8-B30D-47A5-9287-C38C069BB12D}"
EndProject
Project("{FAE04EC0-301F-11D3-BF4B-00C04F79EFBC}") = "ConsoleApp2", "ConsoleApp2\ConsoleApp2.csproj", "{487D81D5-7651-4117-B85C-C51D25DFAD93}"
EndProject
Project("{FAE04EC0-301F-11D3-BF4B-00C04F79EFBC}") = "Shared.Logging", "Shared.Logging\Shared.Logging.csproj", "{A4EB3D5B-76FB-4C3B-90CE-141D831359EC}"
EndProject
Project("{FAE04EC0-301F-11D3-BF4B-00C04F79EFBC}") = "AsyncExample", "AsyncExample\AsyncExample.csproj", "{3AAE3BBB-1178-4D60-9CBC-D53642FBCC64}"
EndProject
Project("{FAE04EC0-301F-11D3-BF4B-00C04F79EFBC}") = "MultiThread", "MultiThread\MultiThread.csproj", "{A46F4977-7DE6-4D6D-9B5D-BE3396D12E5F}"
EndProject
Project("{2150E333-8FDC-42A3-9474-1A3956D46DE8}") = "UnitTest", "UnitTest", "{0CACDF80-ADBC-4A6C-83C8-4F15D6833485}"
EndProject
Project("{FAE04EC0-301F-11D3-BF4B-00C04F79EFBC}") = "UnitTestExample", "UnitTestExample\UnitTestExample.csproj", "{203B6D6A-CDD9-40E4-8BAD-6D0A65F86004}"
EndProject
Project("{FAE04EC0-301F-11D3-BF4B-00C04F79EFBC}") = "UnitTestExample.Test", "UnitTestExample.Test\UnitTestExample.Test.csproj", "{ADCFDD72-68D6-45FD-8183-19B1E42C0BB5}"
EndProject
Project("{FAE04EC0-301F-11D3-BF4B-00C04F79EFBC}") = "UnitTestExample2", "UnitTestExample2\UnitTestExample2.csproj", "{CE97465C-6543-4939-AE8C-F46E0A6A1F7A}"
EndProject
Project("{FAE04EC0-301F-11D3-BF4B-00C04F79EFBC}") = "UnitTestExample.MsTest", "UnitTestExample.MsTest\UnitTestExample.MsTest.csproj", "{FCA6C691-1A4F-439E-831F-3735DDBE0A27}"
EndProject
Global
	GlobalSection(SolutionConfigurationPlatforms) = preSolution
		Debug|Any CPU = Debug|Any CPU
		Release|Any CPU = Release|Any CPU
	EndGlobalSection
	GlobalSection(ProjectConfigurationPlatforms) = postSolution
		{F58568F8-B30D-47A5-9287-C38C069BB12D}.Debug|Any CPU.ActiveCfg = Debug|Any CPU
		{F58568F8-B30D-47A5-9287-C38C069BB12D}.Debug|Any CPU.Build.0 = Debug|Any CPU
		{F58568F8-B30D-47A5-9287-C38C069BB12D}.Release|Any CPU.ActiveCfg = Release|Any CPU
		{F58568F8-B30D-47A5-9287-C38C069BB12D}.Release|Any CPU.Build.0 = Release|Any CPU
		{487D81D5-7651-4117-B85C-C51D25DFAD93}.Debug|Any CPU.ActiveCfg = Debug|Any CPU
		{487D81D5-7651-4117-B85C-C51D25DFAD93}.Debug|Any CPU.Build.0 = Debug|Any CPU
		{487D81D5-7651-4117-B85C-C51D25DFAD93}.Release|Any CPU.ActiveCfg = Release|Any CPU
		{487D81D5-7651-4117-B85C-C51D25DFAD93}.Release|Any CPU.Build.0 = Release|Any CPU
		{A4EB3D5B-76FB-4C3B-90CE-141D831359EC}.Debug|Any CPU.ActiveCfg = Debug|Any CPU
		{A4EB3D5B-76FB-4C3B-90CE-141D831359EC}.Debug|Any CPU.Build.0 = Debug|Any CPU
		{A4EB3D5B-76FB-4C3B-90CE-141D831359EC}.Release|Any CPU.ActiveCfg = Release|Any CPU
		{A4EB3D5B-76FB-4C3B-90CE-141D831359EC}.Release|Any CPU.Build.0 = Release|Any CPU
		{3AAE3BBB-1178-4D60-9CBC-D53642FBCC64}.Debug|Any CPU.ActiveCfg = Debug|Any CPU
		{3AAE3BBB-1178-4D60-9CBC-D53642FBCC64}.Debug|Any CPU.Build.0 = Debug|Any CPU
		{3AAE3BBB-1178-4D60-9CBC-D53642FBCC64}.Release|Any CPU.ActiveCfg = Release|Any CPU
		{3AAE3BBB-1178-4D60-9CBC-D53642FBCC64}.Release|Any CPU.Build.0 = Release|Any CPU
		{A46F4977-7DE6-4D6D-9B5D-BE3396D12E5F}.Debug|Any CPU.ActiveCfg = Debug|Any CPU
		{A46F4977-7DE6-4D6D-9B5D-BE3396D12E5F}.Debug|Any CPU.Build.0 = Debug|Any CPU
		{A46F4977-7DE6-4D6D-9B5D-BE3396D12E5F}.Release|Any CPU.ActiveCfg = Release|Any CPU
		{A46F4977-7DE6-4D6D-9B5D-BE3396D12E5F}.Release|Any CPU.Build.0 = Release|Any CPU
		{203B6D6A-CDD9-40E4-8BAD-6D0A65F86004}.Debug|Any CPU.ActiveCfg = Debug|Any CPU
		{203B6D6A-CDD9-40E4-8BAD-6D0A65F86004}.Debug|Any CPU.Build.0 = Debug|Any CPU
		{203B6D6A-CDD9-40E4-8BAD-6D0A65F86004}.Release|Any CPU.ActiveCfg = Release|Any CPU
		{203B6D6A-CDD9-40E4-8BAD-6D0A65F86004}.Release|Any CPU.Build.0 = Release|Any CPU
		{ADCFDD72-68D6-45FD-8183-19B1E42C0BB5}.Debug|Any CPU.ActiveCfg = Debug|Any CPU
		{ADCFDD72-68D6-45FD-8183-19B1E42C0BB5}.Debug|Any CPU.Build.0 = Debug|Any CPU
		{ADCFDD72-68D6-45FD-8183-19B1E42C0BB5}.Release|Any CPU.ActiveCfg = Release|Any CPU
		{ADCFDD72-68D6-45FD-8183-19B1E42C0BB5}.Release|Any CPU.Build.0 = Release|Any CPU
		{CE97465C-6543-4939-AE8C-F46E0A6A1F7A}.Debug|Any CPU.ActiveCfg = Debug|Any CPU
		{CE97465C-6543-4939-AE8C-F46E0A6A1F7A}.Debug|Any CPU.Build.0 = Debug|Any CPU
		{CE97465C-6543-4939-AE8C-F46E0A6A1F7A}.Release|Any CPU.ActiveCfg = Release|Any CPU
		{CE97465C-6543-4939-AE8C-F46E0A6A1F7A}.Release|Any CPU.Build.0 = Release|Any CPU
		{FCA6C691-1A4F-439E-831F-3735DDBE0A27}.Debug|Any CPU.ActiveCfg = Debug|Any CPU
		{FCA6C691-1A4F-439E-831F-3735DDBE0A27}.Debug|Any CPU.Build.0 = Debug|Any CPU
		{FCA6C691-1A4F-439E-831F-3735DDBE0A27}.Release|Any CPU.ActiveCfg = Release|Any CPU
		{FCA6C691-1A4F-439E-831F-3735DDBE0A27}.Release|Any CPU.Build.0 = Release|Any CPU
	EndGlobalSection
	GlobalSection(SolutionProperties) = preSolution
		HideSolutionNode = FALSE
	EndGlobalSection
	GlobalSection(NestedProjects) = preSolution
		{F58568F8-B30D-47A5-9287-C38C069BB12D} = {812DB56F-352A-4912-A798-4E3F4F8FF522}
		{487D81D5-7651-4117-B85C-C51D25DFAD93} = {812DB56F-352A-4912-A798-4E3F4F8FF522}
		{A4EB3D5B-76FB-4C3B-90CE-141D831359EC} = {812DB56F-352A-4912-A798-4E3F4F8FF522}
		{203B6D6A-CDD9-40E4-8BAD-6D0A65F86004} = {0CACDF80-ADBC-4A6C-83C8-4F15D6833485}
		{ADCFDD72-68D6-45FD-8183-19B1E42C0BB5} = {0CACDF80-ADBC-4A6C-83C8-4F15D6833485}
		{CE97465C-6543-4939-AE8C-F46E0A6A1F7A} = {0CACDF80-ADBC-4A6C-83C8-4F15D6833485}
		{FCA6C691-1A4F-439E-831F-3735DDBE0A27} = {0CACDF80-ADBC-4A6C-83C8-4F15D6833485}
	EndGlobalSection
	GlobalSection(ExtensibilityGlobals) = postSolution
		SolutionGuid = {FC3532D3-6727-4A0B-97FE-9ADB9EACD0BC}
	EndGlobalSection
EndGlobal
